
Microsoft Visual Studio Solution File, Format Version 12.00
# Visual Studio Version 16
VisualStudioVersion = 16.0.29709.97
MinimumVisualStudioVersion = 10.0.40219.1
Project("{9A19103F-16F7-4668-BE54-9A1E7A4F7556}") = "EstructuraDato_Lab04", "EstructuraDato_Lab04.csproj", "{45311B81-01BB-42E8-A9FD-19FD465582C9}"
EndProject
Global
	GlobalSection(SolutionConfigurationPlatforms) = preSolution
		Debug|Any CPU = Debug|Any CPU
		Release|Any CPU = Release|Any CPU
	EndGlobalSection
	GlobalSection(ProjectConfigurationPlatforms) = postSolution
		{45311B81-01BB-42E8-A9FD-19FD465582C9}.Debug|Any CPU.ActiveCfg = Debug|Any CPU
		{45311B81-01BB-42E8-A9FD-19FD465582C9}.Debug|Any CPU.Build.0 = Debug|Any CPU
		{45311B81-01BB-42E8-A9FD-19FD465582C9}.Release|Any CPU.ActiveCfg = Release|Any CPU
		{45311B81-01BB-42E8-A9FD-19FD465582C9}.Release|Any CPU.Build.0 = Release|Any CPU
	EndGlobalSection
	GlobalSection(SolutionProperties) = preSolution
		HideSolutionNode = FALSE
	EndGlobalSection
	GlobalSection(ExtensibilityGlobals) = postSolution
		SolutionGuid = {36A86116-39EE-4C85-8591-323513A9BE86}
	EndGlobalSection
EndGlobal
